{
  "nodes": {
    "common": {
      "inputs": {
        "nixpkgs": "nixpkgs",
        "nixpkgs-sing-box": "nixpkgs-sing-box"
      },
      "locked": {
        "lastModified": 1758040428,
        "narHash": "sha256-CMQL+vcf5aiRjIydabYxA1GfhrIV3iJKioc63xTVGq0=",
        "owner": "Yxue-1906",
        "repo": "nixos-common-config",
        "rev": "a4cb76c2a3d2e405f4ff9d8bac23ac429bb60b2a",
        "type": "github"
      },
      "original": {
        "owner": "Yxue-1906",
        "repo": "nixos-common-config",
        "type": "github"
      }
    },
    "nixpkgs": {
      "locked": {
        "lastModified": 1757745802,
        "narHash": "sha256-hLEO2TPj55KcUFUU1vgtHE9UEIOjRcH/4QbmfHNF820=",
        "owner": "NixOS",
        "repo": "nixpkgs",
        "rev": "c23193b943c6c689d70ee98ce3128239ed9e32d1",
        "type": "github"
      },
      "original": {
        "owner": "NixOS",
        "ref": "nixos-unstable",
        "repo": "nixpkgs",
        "type": "github"
      }
    },
    "nixpkgs-sing-box": {
      "locked": {
        "lastModified": 1756369372,
        "narHash": "sha256-zDoIOLCqywvXOejVi7TwWJe5HpMIAJ8n05a0ioRQkEc=",
        "owner": "NixOS",
        "repo": "nixpkgs",
        "rev": "0ae51d2e8e7fbb16046111569a5b0378aa85a129",
        "type": "github"
      },
      "original": {
        "owner": "NixOS",
        "repo": "nixpkgs",
        "rev": "0ae51d2e8e7fbb16046111569a5b0378aa85a129",
        "type": "github"
      }
    },
    "root": {
      "inputs": {
        "common": "common"
      }
    }
  },
  "root": "root",
  "version": 7
}
