{
  "nodes": {
    "common": {
      "inputs": {
        "nixos-shared-flakes": "nixos-shared-flakes",
        "nixpkgs-sing-box": "nixpkgs-sing-box"
      },
      "locked": {
        "lastModified": 1765016542,
        "narHash": "sha256-T83sHChM8lNI0G/MinDNnwEVu9fHeJIDstNrzispWf8=",
        "owner": "Yxue-1906",
        "repo": "nixos-common-config",
        "rev": "c6bac0ad93479d6a6107a408dd69c1019b887f13",
        "type": "github"
      },
      "original": {
        "owner": "Yxue-1906",
        "repo": "nixos-common-config",
        "type": "github"
      }
    },
    "nixos-shared-flakes": {
      "inputs": {
        "nixpkgs": "nixpkgs"
      },
      "locked": {
        "lastModified": 1762568204,
        "narHash": "sha256-idLyvnGSAAnAdDzLLi1eeOfls+pXQU4qNSKd3CkA73g=",
        "owner": "Yxue-1906",
        "repo": "nixos-shared-flake",
        "rev": "570427cc692ee36300fe56fff4c23be8d81bd74b",
        "type": "github"
      },
      "original": {
        "owner": "Yxue-1906",
        "repo": "nixos-shared-flake",
        "type": "github"
      }
    },
    "nixpkgs": {
      "locked": {
        "lastModified": 1762498405,
        "narHash": "sha256-Zg/SCgCaAioc0/SVZQJxuECGPJy+OAeBcGeA5okdYDc=",
        "owner": "NixOS",
        "repo": "nixpkgs",
        "rev": "6faeb062ee4cf4f105989d490831713cc5a43ee1",
        "type": "github"
      },
      "original": {
        "owner": "NixOS",
        "repo": "nixpkgs",
        "rev": "6faeb062ee4cf4f105989d490831713cc5a43ee1",
        "type": "github"
      }
    },
    "nixpkgs-sing-box": {
      "locked": {
        "lastModified": 1762395112,
        "narHash": "sha256-UkJYvyI2WvQZ8n+2O/+IDkeUxAujdNkYc66ij95/klI=",
        "owner": "NixOS",
        "repo": "nixpkgs",
        "rev": "1a24b14b4fd3adfa79751a3445fb2e0e74eefaf1",
        "type": "github"
      },
      "original": {
        "owner": "NixOS",
        "repo": "nixpkgs",
        "rev": "1a24b14b4fd3adfa79751a3445fb2e0e74eefaf1",
        "type": "github"
      }
    },
    "root": {
      "inputs": {
        "common": "common"
      }
    }
  },
  "root": "root",
  "version": 7
}
