{
  "nodes": {
    "common": {
      "inputs": {
        "nixpkgs": "nixpkgs",
        "nixpkgs-sing-box": "nixpkgs-sing-box"
      },
      "locked": {
        "lastModified": 1756741774,
        "narHash": "sha256-kDauZGY1gqdFtUkYP/XNZULB/9a/OtrM7cT+18UOfN4=",
        "owner": "Yxue-1906",
        "repo": "nixos-common-config",
        "rev": "2ed4562e634d57d10ba0e79d2797be8d9d866261",
        "type": "github"
      },
      "original": {
        "owner": "Yxue-1906",
        "repo": "nixos-common-config",
        "type": "github"
      }
    },
    "nixpkgs": {
      "locked": {
        "lastModified": 1756617294,
        "narHash": "sha256-aGnd4AHIYCWQKChAkHPpX+YYCt7pA6y2LFFA/s8q0wQ=",
        "owner": "NixOS",
        "repo": "nixpkgs",
        "rev": "b4c2c57c31e68544982226d07e4719a2d86302a8",
        "type": "github"
      },
      "original": {
        "owner": "NixOS",
        "ref": "nixos-25.05",
        "repo": "nixpkgs",
        "type": "github"
      }
    },
    "nixpkgs-sing-box": {
      "locked": {
        "lastModified": 1755754254,
        "narHash": "sha256-Ip9aD0Ab/U8eXORUnNgOOdVDiQeGuATVFbjy9GQKa2k=",
        "owner": "NixOS",
        "repo": "nixpkgs",
        "rev": "d416416015943eb0b191fbe37b3e7e4046f5cc60",
        "type": "github"
      },
      "original": {
        "owner": "NixOS",
        "repo": "nixpkgs",
        "rev": "d416416015943eb0b191fbe37b3e7e4046f5cc60",
        "type": "github"
      }
    },
    "root": {
      "inputs": {
        "common": "common"
      }
    }
  },
  "root": "root",
  "version": 7
}
